Microsoft Visual Studio Solution File, Format Version 8.00
Project("{8BC9CEB8-8B4A-11D0-8D11-00A0C91BC942}") = "CAGenerator", "CAGenerator.vcproj", "{B4EA1AFD-E625-46B2-840E-1B224333762B}"
	ProjectSection(ProjectDependencies) = postProject
	EndProjectSection
EndProject
Global
	GlobalSection(SolutionConfiguration) = preSolution
		Debug = Debug
		Release = Release
	EndGlobalSection
	GlobalSection(ProjectConfiguration) = postSolution
		{B4EA1AFD-E625-46B2-840E-1B224333762B}.Debug.ActiveCfg = Debug|Win32
		{B4EA1AFD-E625-46B2-840E-1B224333762B}.Debug.Build.0 = Debug|Win32
		{B4EA1AFD-E625-46B2-840E-1B224333762B}.Release.ActiveCfg = Release|Win32
		{B4EA1AFD-E625-46B2-840E-1B224333762B}.Release.Build.0 = Release|Win32
	EndGlobalSection
	GlobalSection(ExtensibilityGlobals) = postSolution
	EndGlobalSection
	GlobalSection(ExtensibilityAddIns) = postSolution
	EndGlobalSection
EndGlobal
