Microsoft Visual Studio Solution File, Format Version 8.00
Project("{FAE04EC0-301F-11D3-BF4B-00C04F79EFBC}") = "FFControl", "FFControl.csproj", "{34091EBE-7107-40D8-AFAD-34CDBC1A273C}"
	ProjectSection(ProjectDependencies) = postProject
	EndProjectSection
EndProject
Global
	GlobalSection(SolutionConfiguration) = preSolution
		Debug = Debug
		Release = Release
	EndGlobalSection
	GlobalSection(ProjectConfiguration) = postSolution
		{34091EBE-7107-40D8-AFAD-34CDBC1A273C}.Debug.ActiveCfg = Debug|.NET
		{34091EBE-7107-40D8-AFAD-34CDBC1A273C}.Debug.Build.0 = Debug|.NET
		{34091EBE-7107-40D8-AFAD-34CDBC1A273C}.Release.ActiveCfg = Release|.NET
		{34091EBE-7107-40D8-AFAD-34CDBC1A273C}.Release.Build.0 = Release|.NET
	EndGlobalSection
	GlobalSection(ExtensibilityGlobals) = postSolution
	EndGlobalSection
	GlobalSection(ExtensibilityAddIns) = postSolution
	EndGlobalSection
EndGlobal
